// !$*UTF8*$!
{
	archiveVersion = 1;
	classes = {
	};
	objectVersion = 50;
	objects = {

/* Begin PBXBuildFile section */
		1E1304AF2734BEE6006D0C0C /* main.swift in Sources */ = {isa = PBXBuildFile; fileRef = 1E1304AE2734BEE6006D0C0C /* main.swift */; };
		1E1304B62734D724006D0C0C /* p1000.swift in Sources */ = {isa = PBXBuildFile; fileRef = 1E1304B52734D724006D0C0C /* p1000.swift */; };
		1E1304B82734D97A006D0C0C /* p1008.swift in Sources */ = {isa = PBXBuildFile; fileRef = 1E1304B72734D97A006D0C0C /* p1008.swift */; };
		1E1304BA2734DA52006D0C0C /* p2438.swift in Sources */ = {isa = PBXBuildFile; fileRef = 1E1304B92734DA52006D0C0C /* p2438.swift */; };
		1E1304BC2734DC6D006D0C0C /* p2920.swift in Sources */ = {isa = PBXBuildFile; fileRef = 1E1304BB2734DC6D006D0C0C /* p2920.swift */; };
		1E1304BE2734FB4D006D0C0C /* p8958.swift in Sources */ = {isa = PBXBuildFile; fileRef = 1E1304BD2734FB4D006D0C0C /* p8958.swift */; };
/* End PBXBuildFile section */

/* Begin PBXCopyFilesBuildPhase section */
		1E1304A92734BEE6006D0C0C /* CopyFiles */ = {
			isa = PBXCopyFilesBuildPhase;
			buildActionMask = 2147483647;
			dstPath = /usr/share/man/man1/;
			dstSubfolderSpec = 0;
			files = (
			);
			runOnlyForDeploymentPostprocessing = 1;
		};
/* End PBXCopyFilesBuildPhase section */

/* Begin PBXFileReference section */
		1E1304AB2734BEE6006D0C0C /* Friday-algorithm-Week1 */ = {isa = PBXFileReference; explicitFileType = "compiled.mach-o.executable"; includeInIndex = 0; path = "Friday-algorithm-Week1"; sourceTree = BUILT_PRODUCTS_DIR; };
		1E1304AE2734BEE6006D0C0C /* main.swift */ = {isa = PBXFileReference; lastKnownFileType = sourcecode.swift; path = main.swift; sourceTree = "<group>"; };
		1E1304B52734D724006D0C0C /* p1000.swift */ = {isa = PBXFileReference; lastKnownFileType = sourcecode.swift; path = p1000.swift; sourceTree = "<group>"; };
		1E1304B72734D97A006D0C0C /* p1008.swift */ = {isa = PBXFileReference; lastKnownFileType = sourcecode.swift; path = p1008.swift; sourceTree = "<group>"; };
		1E1304B92734DA52006D0C0C /* p2438.swift */ = {isa = PBXFileReference; lastKnownFileType = sourcecode.swift; path = p2438.swift; sourceTree = "<group>"; };
		1E1304BB2734DC6D006D0C0C /* p2920.swift */ = {isa = PBXFileReference; lastKnownFileType = sourcecode.swift; path = p2920.swift; sourceTree = "<group>"; };
		1E1304BD2734FB4D006D0C0C /* p8958.swift */ = {isa = PBXFileReference; lastKnownFileType = sourcecode.swift; path = p8958.swift; sourceTree = "<group>"; };
/* End PBXFileReference section */

/* Begin PBXFrameworksBuildPhase section */
		1E1304A82734BEE6006D0C0C /* Frameworks */ = {
			isa = PBXFrameworksBuildPhase;
			buildActionMask = 2147483647;
			files = (
			);
			runOnlyForDeploymentPostprocessing = 0;
		};
/* End PBXFrameworksBuildPhase section */

/* Begin PBXGroup section */
		1E1304A22734BEE6006D0C0C = {
			isa = PBXGroup;
			children = (
				1E1304AD2734BEE6006D0C0C /* Friday-algorithm-Week1 */,
				1E1304AC2734BEE6006D0C0C /* Products */,
			);
			sourceTree = "<group>";
		};
		1E1304AC2734BEE6006D0C0C /* Products */ = {
			isa = PBXGroup;
			children = (
				1E1304AB2734BEE6006D0C0C /* Friday-algorithm-Week1 */,
			);
			name = Products;
			sourceTree = "<group>";
		};
		1E1304AD2734BEE6006D0C0C /* Friday-algorithm-Week1 */ = {
			isa = PBXGroup;
			children = (
				1E1304AE2734BEE6006D0C0C /* main.swift */,
				1E1304BB2734DC6D006D0C0C /* p2920.swift */,
				1E1304BD2734FB4D006D0C0C /* p8958.swift */,
				1E1304B92734DA52006D0C0C /* p2438.swift */,
				1E1304B52734D724006D0C0C /* p1000.swift */,
				1E1304B72734D97A006D0C0C /* p1008.swift */,
			);
			path = "Friday-algorithm-Week1";
			sourceTree = "<group>";
		};
/* End PBXGroup section */

/* Begin PBXNativeTarget section */
		1E1304AA2734BEE6006D0C0C /* Friday-algorithm-Week1 */ = {
			isa = PBXNativeTarget;
			buildConfigurationList = 1E1304B22734BEE6006D0C0C /* Build configuration list for PBXNativeTarget "Friday-algorithm-Week1" */;
			buildPhases = (
				1E1304A72734BEE6006D0C0C /* Sources */,
				1E1304A82734BEE6006D0C0C /* Frameworks */,
				1E1304A92734BEE6006D0C0C /* CopyFiles */,
			);
			buildRules = (
			);
			dependencies = (
			);
			name = "Friday-algorithm-Week1";
			productName = "Friday-algorithm-Week1";
			productReference = 1E1304AB2734BEE6006D0C0C /* Friday-algorithm-Week1 */;
			productType = "com.apple.product-type.tool";
		};
/* End PBXNativeTarget section */

/* Begin PBXProject section */
		1E1304A32734BEE6006D0C0C /* Project object */ = {
			isa = PBXProject;
			attributes = {
				LastSwiftUpdateCheck = 1250;
				LastUpgradeCheck = 1250;
				TargetAttributes = {
					1E1304AA2734BEE6006D0C0C = {
						CreatedOnToolsVersion = 12.5.1;
					};
				};
			};
			buildConfigurationList = 1E1304A62734BEE6006D0C0C /* Build configuration list for PBXProject "Friday-algorithm-Week1" */;
			compatibilityVersion = "Xcode 9.3";
			developmentRegion = en;
			hasScannedForEncodings = 0;
			knownRegions = (
				en,
				Base,
			);
			mainGroup = 1E1304A22734BEE6006D0C0C;
			productRefGroup = 1E1304AC2734BEE6006D0C0C /* Products */;
			projectDirPath = "";
			projectRoot = "";
			targets = (
				1E1304AA2734BEE6006D0C0C /* Friday-algorithm-Week1 */,
			);
		};
/* End PBXProject section */

/* Begin PBXSourcesBuildPhase section */
		1E1304A72734BEE6006D0C0C /* Sources */ = {
			isa = PBXSourcesBuildPhase;
			buildActionMask = 2147483647;
			files = (
				1E1304BE2734FB4D006D0C0C /* p8958.swift in Sources */,
				1E1304AF2734BEE6006D0C0C /* main.swift in Sources */,
				1E1304B62734D724006D0C0C /* p1000.swift in Sources */,
				1E1304B82734D97A006D0C0C /* p1008.swift in Sources */,
				1E1304BA2734DA52006D0C0C /* p2438.swift in Sources */,
				1E1304BC2734DC6D006D0C0C /* p2920.swift in Sources */,
			);
			runOnlyForDeploymentPostprocessing = 0;
		};
/* End PBXSourcesBuildPhase section */

/* Begin XCBuildConfiguration section */
		1E1304B02734BEE6006D0C0C /* Debug */ = {
			isa = XCBuildConfiguration;
			buildSettings = {
				ALWAYS_SEARCH_USER_PATHS = NO;
				CLANG_ANALYZER_NONNULL = YES;
				CLANG_ANALYZER_NUMBER_OBJECT_CONVERSION = YES_AGGRESSIVE;
				CLANG_CXX_LANGUAGE_STANDARD = "gnu++14";
				CLANG_CXX_LIBRARY = "libc++";
				CLANG_ENABLE_MODULES = YES;
				CLANG_ENABLE_OBJC_ARC = YES;
				CLANG_ENABLE_OBJC_WEAK = YES;
				CLANG_WARN_BLOCK_CAPTURE_AUTORELEASING = YES;
				CLANG_WARN_BOOL_CONVERSION = YES;
				CLANG_WARN_COMMA = YES;
				CLANG_WARN_CONSTANT_CONVERSION = YES;
				CLANG_WARN_DEPRECATED_OBJC_IMPLEMENTATIONS = YES;
				CLANG_WARN_DIRECT_OBJC_ISA_USAGE = YES_ERROR;
				CLANG_WARN_DOCUMENTATION_COMMENTS = YES;
				CLANG_WARN_EMPTY_BODY = YES;
				CLANG_WARN_ENUM_CONVERSION = YES;
				CLANG_WARN_INFINITE_RECURSION = YES;
				CLANG_WARN_INT_CONVERSION = YES;
				CLANG_WARN_NON_LITERAL_NULL_CONVERSION = YES;
				CLANG_WARN_OBJC_IMPLICIT_RETAIN_SELF = YES;
				CLANG_WARN_OBJC_LITERAL_CONVERSION = YES;
				CLANG_WARN_OBJC_ROOT_CLASS = YES_ERROR;
				CLANG_WARN_QUOTED_INCLUDE_IN_FRAMEWORK_HEADER = YES;
				CLANG_WARN_RANGE_LOOP_ANALYSIS = YES;
				CLANG_WARN_STRICT_PROTOTYPES = YES;
				CLANG_WARN_SUSPICIOUS_MOVE = YES;
				CLANG_WARN_UNGUARDED_AVAILABILITY = YES_AGGRESSIVE;
				CLANG_WARN_UNREACHABLE_CODE = YES;
				CLANG_WARN__DUPLICATE_METHOD_MATCH = YES;
				COPY_PHASE_STRIP = NO;
				DEBUG_INFORMATION_FORMAT = dwarf;
				ENABLE_STRICT_OBJC_MSGSEND = YES;
				ENABLE_TESTABILITY = YES;
				GCC_C_LANGUAGE_STANDARD = gnu11;
				GCC_DYNAMIC_NO_PIC = NO;
				GCC_NO_COMMON_BLOCKS = YES;
				GCC_OPTIMIZATION_LEVEL = 0;
				GCC_PREPROCESSOR_DEFINITIONS = (
					"DEBUG=1",
					"$(inherited)",
				);
				GCC_WARN_64_TO_32_BIT_CONVERSION = YES;
				GCC_WARN_ABOUT_RETURN_TYPE = YES_ERROR;
				GCC_WARN_UNDECLARED_SELECTOR = YES;
				GCC_WARN_UNINITIALIZED_AUTOS = YES_AGGRESSIVE;
				GCC_WARN_UNUSED_FUNCTION = YES;
				GCC_WARN_UNUSED_VARIABLE = YES;
				MACOSX_DEPLOYMENT_TARGET = 11.1;
				MTL_ENABLE_DEBUG_INFO = INCLUDE_SOURCE;
				MTL_FAST_MATH = YES;
				ONLY_ACTIVE_ARCH = YES;
				SDKROOT = macosx;
				SWIFT_ACTIVE_COMPILATION_CONDITIONS = DEBUG;
				SWIFT_OPTIMIZATION_LEVEL = "-Onone";
			};
			name = Debug;
		};
		1E1304B12734BEE6006D0C0C /* Release */ = {
			isa = XCBuildConfiguration;
			buildSettings = {
				ALWAYS_SEARCH_USER_PATHS = NO;
				CLANG_ANALYZER_NONNULL = YES;
				CLANG_ANALYZER_NUMBER_OBJECT_CONVERSION = YES_AGGRESSIVE;
				CLANG_CXX_LANGUAGE_STANDARD = "gnu++14";
				CLANG_CXX_LIBRARY = "libc++";
				CLANG_ENABLE_MODULES = YES;
				CLANG_ENABLE_OBJC_ARC = YES;
				CLANG_ENABLE_OBJC_WEAK = YES;
				CLANG_WARN_BLOCK_CAPTURE_AUTORELEASING = YES;
				CLANG_WARN_BOOL_CONVERSION = YES;
				CLANG_WARN_COMMA = YES;
				CLANG_WARN_CONSTANT_CONVERSION = YES;
				CLANG_WARN_DEPRECATED_OBJC_IMPLEMENTATIONS = YES;
				CLANG_WARN_DIRECT_OBJC_ISA_USAGE = YES_ERROR;
				CLANG_WARN_DOCUMENTATION_COMMENTS = YES;
				CLANG_WARN_EMPTY_BODY = YES;
				CLANG_WARN_ENUM_CONVERSION = YES;
				CLANG_WARN_INFINITE_RECURSION = YES;
				CLANG_WARN_INT_CONVERSION = YES;
				CLANG_WARN_NON_LITERAL_NULL_CONVERSION = YES;
				CLANG_WARN_OBJC_IMPLICIT_RETAIN_SELF = YES;
				CLANG_WARN_OBJC_LITERAL_CONVERSION = YES;
				CLANG_WARN_OBJC_ROOT_CLASS = YES_ERROR;
				CLANG_WARN_QUOTED_INCLUDE_IN_FRAMEWORK_HEADER = YES;
				CLANG_WARN_RANGE_LOOP_ANALYSIS = YES;
				CLANG_WARN_STRICT_PROTOTYPES = YES;
				CLANG_WARN_SUSPICIOUS_MOVE = YES;
				CLANG_WARN_UNGUARDED_AVAILABILITY = YES_AGGRESSIVE;
				CLANG_WARN_UNREACHABLE_CODE = YES;
				CLANG_WARN__DUPLICATE_METHOD_MATCH = YES;
				COPY_PHASE_STRIP = NO;
				DEBUG_INFORMATION_FORMAT = "dwarf-with-dsym";
				ENABLE_NS_ASSERTIONS = NO;
				ENABLE_STRICT_OBJC_MSGSEND = YES;
				GCC_C_LANGUAGE_STANDARD = gnu11;
				GCC_NO_COMMON_BLOCKS = YES;
				GCC_WARN_64_TO_32_BIT_CONVERSION = YES;
				GCC_WARN_ABOUT_RETURN_TYPE = YES_ERROR;
				GCC_WARN_UNDECLARED_SELECTOR = YES;
				GCC_WARN_UNINITIALIZED_AUTOS = YES_AGGRESSIVE;
				GCC_WARN_UNUSED_FUNCTION = YES;
				GCC_WARN_UNUSED_VARIABLE = YES;
				MACOSX_DEPLOYMENT_TARGET = 11.1;
				MTL_ENABLE_DEBUG_INFO = NO;
				MTL_FAST_MATH = YES;
				SDKROOT = macosx;
				SWIFT_COMPILATION_MODE = wholemodule;
				SWIFT_OPTIMIZATION_LEVEL = "-O";
			};
			name = Release;
		};
		1E1304B32734BEE6006D0C0C /* Debug */ = {
			isa = XCBuildConfiguration;
			buildSettings = {
				CODE_SIGN_STYLE = Automatic;
				PRODUCT_NAME = "$(TARGET_NAME)";
				SWIFT_VERSION = 5.0;
			};
			name = Debug;
		};
		1E1304B42734BEE6006D0C0C /* Release */ = {
			isa = XCBuildConfiguration;
			buildSettings = {
				CODE_SIGN_STYLE = Automatic;
				PRODUCT_NAME = "$(TARGET_NAME)";
				SWIFT_VERSION = 5.0;
			};
			name = Release;
		};
/* End XCBuildConfiguration section */

/* Begin XCConfigurationList section */
		1E1304A62734BEE6006D0C0C /* Build configuration list for PBXProject "Friday-algorithm-Week1" */ = {
			isa = XCConfigurationList;
			buildConfigurations = (
				1E1304B02734BEE6006D0C0C /* Debug */,
				1E1304B12734BEE6006D0C0C /* Release */,
			);
			defaultConfigurationIsVisible = 0;
			defaultConfigurationName = Release;
		};
		1E1304B22734BEE6006D0C0C /* Build configuration list for PBXNativeTarget "Friday-algorithm-Week1" */ = {
			isa = XCConfigurationList;
			buildConfigurations = (
				1E1304B32734BEE6006D0C0C /* Debug */,
				1E1304B42734BEE6006D0C0C /* Release */,
			);
			defaultConfigurationIsVisible = 0;
			defaultConfigurationName = Release;
		};
/* End XCConfigurationList section */
	};
	rootObject = 1E1304A32734BEE6006D0C0C /* Project object */;
}
