// !$*UTF8*$!
{
	archiveVersion = 1;
	classes = {
	};
	objectVersion = 50;
	objects = {

/* Begin PBXBuildFile section */
		1E8E0ADB273E5A8100EEC8EE /* main.swift in Sources */ = {isa = PBXBuildFile; fileRef = 1E8E0ADA273E5A8100EEC8EE /* main.swift */; };
		1E8E0AE7273E5A9400EEC8EE /* 68644-두개뽑아서더하기.swift in Sources */ = {isa = PBXBuildFile; fileRef = 1E8E0AE1273E5A9400EEC8EE /* 68644-두개뽑아서더하기.swift */; };
		1E8E0AE8273E5A9400EEC8EE /* 12928-약수의합.swift in Sources */ = {isa = PBXBuildFile; fileRef = 1E8E0AE2273E5A9400EEC8EE /* 12928-약수의합.swift */; };
		1E8E0AE9273E5A9400EEC8EE /* 42840-모의고사.swift in Sources */ = {isa = PBXBuildFile; fileRef = 1E8E0AE3273E5A9400EEC8EE /* 42840-모의고사.swift */; };
		1E8E0AEA273E5A9400EEC8EE /* 64061-크레인인형뽑기.swift in Sources */ = {isa = PBXBuildFile; fileRef = 1E8E0AE4273E5A9400EEC8EE /* 64061-크레인인형뽑기.swift */; };
		1E8E0AEB273E5A9400EEC8EE /* 12910-나누어떨어지는숫자배열.swift in Sources */ = {isa = PBXBuildFile; fileRef = 1E8E0AE5273E5A9400EEC8EE /* 12910-나누어떨어지는숫자배열.swift */; };
		1E8E0AEC273E5A9400EEC8EE /* 12901-2016년.swift in Sources */ = {isa = PBXBuildFile; fileRef = 1E8E0AE6273E5A9400EEC8EE /* 12901-2016년.swift */; };
/* End PBXBuildFile section */

/* Begin PBXCopyFilesBuildPhase section */
		1E8E0AD5273E5A8100EEC8EE /* CopyFiles */ = {
			isa = PBXCopyFilesBuildPhase;
			buildActionMask = 2147483647;
			dstPath = /usr/share/man/man1/;
			dstSubfolderSpec = 0;
			files = (
			);
			runOnlyForDeploymentPostprocessing = 1;
		};
/* End PBXCopyFilesBuildPhase section */

/* Begin PBXFileReference section */
		1E8E0AD7273E5A8100EEC8EE /* Friday-algorithm-Week2 */ = {isa = PBXFileReference; explicitFileType = "compiled.mach-o.executable"; includeInIndex = 0; path = "Friday-algorithm-Week2"; sourceTree = BUILT_PRODUCTS_DIR; };
		1E8E0ADA273E5A8100EEC8EE /* main.swift */ = {isa = PBXFileReference; lastKnownFileType = sourcecode.swift; path = main.swift; sourceTree = "<group>"; };
		1E8E0AE1273E5A9400EEC8EE /* 68644-두개뽑아서더하기.swift */ = {isa = PBXFileReference; fileEncoding = 4; lastKnownFileType = sourcecode.swift; path = "68644-두개뽑아서더하기.swift"; sourceTree = "<group>"; };
		1E8E0AE2273E5A9400EEC8EE /* 12928-약수의합.swift */ = {isa = PBXFileReference; fileEncoding = 4; lastKnownFileType = sourcecode.swift; path = "12928-약수의합.swift"; sourceTree = "<group>"; };
		1E8E0AE3273E5A9400EEC8EE /* 42840-모의고사.swift */ = {isa = PBXFileReference; fileEncoding = 4; lastKnownFileType = sourcecode.swift; path = "42840-모의고사.swift"; sourceTree = "<group>"; };
		1E8E0AE4273E5A9400EEC8EE /* 64061-크레인인형뽑기.swift */ = {isa = PBXFileReference; fileEncoding = 4; lastKnownFileType = sourcecode.swift; path = "64061-크레인인형뽑기.swift"; sourceTree = "<group>"; };
		1E8E0AE5273E5A9400EEC8EE /* 12910-나누어떨어지는숫자배열.swift */ = {isa = PBXFileReference; fileEncoding = 4; lastKnownFileType = sourcecode.swift; path = "12910-나누어떨어지는숫자배열.swift"; sourceTree = "<group>"; };
		1E8E0AE6273E5A9400EEC8EE /* 12901-2016년.swift */ = {isa = PBXFileReference; fileEncoding = 4; lastKnownFileType = sourcecode.swift; path = "12901-2016년.swift"; sourceTree = "<group>"; };
/* End PBXFileReference section */

/* Begin PBXFrameworksBuildPhase section */
		1E8E0AD4273E5A8100EEC8EE /* Frameworks */ = {
			isa = PBXFrameworksBuildPhase;
			buildActionMask = 2147483647;
			files = (
			);
			runOnlyForDeploymentPostprocessing = 0;
		};
/* End PBXFrameworksBuildPhase section */

/* Begin PBXGroup section */
		1E8E0ACE273E5A8100EEC8EE = {
			isa = PBXGroup;
			children = (
				1E8E0AD9273E5A8100EEC8EE /* Friday-algorithm-Week2 */,
				1E8E0AD8273E5A8100EEC8EE /* Products */,
			);
			sourceTree = "<group>";
		};
		1E8E0AD8273E5A8100EEC8EE /* Products */ = {
			isa = PBXGroup;
			children = (
				1E8E0AD7273E5A8100EEC8EE /* Friday-algorithm-Week2 */,
			);
			name = Products;
			sourceTree = "<group>";
		};
		1E8E0AD9273E5A8100EEC8EE /* Friday-algorithm-Week2 */ = {
			isa = PBXGroup;
			children = (
				1E8E0ADA273E5A8100EEC8EE /* main.swift */,
				1E8E0AE6273E5A9400EEC8EE /* 12901-2016년.swift */,
				1E8E0AE5273E5A9400EEC8EE /* 12910-나누어떨어지는숫자배열.swift */,
				1E8E0AE2273E5A9400EEC8EE /* 12928-약수의합.swift */,
				1E8E0AE3273E5A9400EEC8EE /* 42840-모의고사.swift */,
				1E8E0AE4273E5A9400EEC8EE /* 64061-크레인인형뽑기.swift */,
				1E8E0AE1273E5A9400EEC8EE /* 68644-두개뽑아서더하기.swift */,
			);
			path = "Friday-algorithm-Week2";
			sourceTree = "<group>";
		};
/* End PBXGroup section */

/* Begin PBXNativeTarget section */
		1E8E0AD6273E5A8100EEC8EE /* Friday-algorithm-Week2 */ = {
			isa = PBXNativeTarget;
			buildConfigurationList = 1E8E0ADE273E5A8100EEC8EE /* Build configuration list for PBXNativeTarget "Friday-algorithm-Week2" */;
			buildPhases = (
				1E8E0AD3273E5A8100EEC8EE /* Sources */,
				1E8E0AD4273E5A8100EEC8EE /* Frameworks */,
				1E8E0AD5273E5A8100EEC8EE /* CopyFiles */,
			);
			buildRules = (
			);
			dependencies = (
			);
			name = "Friday-algorithm-Week2";
			productName = "Friday-algorithm-Week2";
			productReference = 1E8E0AD7273E5A8100EEC8EE /* Friday-algorithm-Week2 */;
			productType = "com.apple.product-type.tool";
		};
/* End PBXNativeTarget section */

/* Begin PBXProject section */
		1E8E0ACF273E5A8100EEC8EE /* Project object */ = {
			isa = PBXProject;
			attributes = {
				LastSwiftUpdateCheck = 1250;
				LastUpgradeCheck = 1250;
				TargetAttributes = {
					1E8E0AD6273E5A8100EEC8EE = {
						CreatedOnToolsVersion = 12.5.1;
					};
				};
			};
			buildConfigurationList = 1E8E0AD2273E5A8100EEC8EE /* Build configuration list for PBXProject "Friday-algorithm-Week2" */;
			compatibilityVersion = "Xcode 9.3";
			developmentRegion = en;
			hasScannedForEncodings = 0;
			knownRegions = (
				en,
				Base,
			);
			mainGroup = 1E8E0ACE273E5A8100EEC8EE;
			productRefGroup = 1E8E0AD8273E5A8100EEC8EE /* Products */;
			projectDirPath = "";
			projectRoot = "";
			targets = (
				1E8E0AD6273E5A8100EEC8EE /* Friday-algorithm-Week2 */,
			);
		};
/* End PBXProject section */

/* Begin PBXSourcesBuildPhase section */
		1E8E0AD3273E5A8100EEC8EE /* Sources */ = {
			isa = PBXSourcesBuildPhase;
			buildActionMask = 2147483647;
			files = (
				1E8E0ADB273E5A8100EEC8EE /* main.swift in Sources */,
				1E8E0AE7273E5A9400EEC8EE /* 68644-두개뽑아서더하기.swift in Sources */,
				1E8E0AE8273E5A9400EEC8EE /* 12928-약수의합.swift in Sources */,
				1E8E0AEB273E5A9400EEC8EE /* 12910-나누어떨어지는숫자배열.swift in Sources */,
				1E8E0AEC273E5A9400EEC8EE /* 12901-2016년.swift in Sources */,
				1E8E0AEA273E5A9400EEC8EE /* 64061-크레인인형뽑기.swift in Sources */,
				1E8E0AE9273E5A9400EEC8EE /* 42840-모의고사.swift in Sources */,
			);
			runOnlyForDeploymentPostprocessing = 0;
		};
/* End PBXSourcesBuildPhase section */

/* Begin XCBuildConfiguration section */
		1E8E0ADC273E5A8100EEC8EE /* Debug */ = {
			isa = XCBuildConfiguration;
			buildSettings = {
				ALWAYS_SEARCH_USER_PATHS = NO;
				CLANG_ANALYZER_NONNULL = YES;
				CLANG_ANALYZER_NUMBER_OBJECT_CONVERSION = YES_AGGRESSIVE;
				CLANG_CXX_LANGUAGE_STANDARD = "gnu++14";
				CLANG_CXX_LIBRARY = "libc++";
				CLANG_ENABLE_MODULES = YES;
				CLANG_ENABLE_OBJC_ARC = YES;
				CLANG_ENABLE_OBJC_WEAK = YES;
				CLANG_WARN_BLOCK_CAPTURE_AUTORELEASING = YES;
				CLANG_WARN_BOOL_CONVERSION = YES;
				CLANG_WARN_COMMA = YES;
				CLANG_WARN_CONSTANT_CONVERSION = YES;
				CLANG_WARN_DEPRECATED_OBJC_IMPLEMENTATIONS = YES;
				CLANG_WARN_DIRECT_OBJC_ISA_USAGE = YES_ERROR;
				CLANG_WARN_DOCUMENTATION_COMMENTS = YES;
				CLANG_WARN_EMPTY_BODY = YES;
				CLANG_WARN_ENUM_CONVERSION = YES;
				CLANG_WARN_INFINITE_RECURSION = YES;
				CLANG_WARN_INT_CONVERSION = YES;
				CLANG_WARN_NON_LITERAL_NULL_CONVERSION = YES;
				CLANG_WARN_OBJC_IMPLICIT_RETAIN_SELF = YES;
				CLANG_WARN_OBJC_LITERAL_CONVERSION = YES;
				CLANG_WARN_OBJC_ROOT_CLASS = YES_ERROR;
				CLANG_WARN_QUOTED_INCLUDE_IN_FRAMEWORK_HEADER = YES;
				CLANG_WARN_RANGE_LOOP_ANALYSIS = YES;
				CLANG_WARN_STRICT_PROTOTYPES = YES;
				CLANG_WARN_SUSPICIOUS_MOVE = YES;
				CLANG_WARN_UNGUARDED_AVAILABILITY = YES_AGGRESSIVE;
				CLANG_WARN_UNREACHABLE_CODE = YES;
				CLANG_WARN__DUPLICATE_METHOD_MATCH = YES;
				COPY_PHASE_STRIP = NO;
				DEBUG_INFORMATION_FORMAT = dwarf;
				ENABLE_STRICT_OBJC_MSGSEND = YES;
				ENABLE_TESTABILITY = YES;
				GCC_C_LANGUAGE_STANDARD = gnu11;
				GCC_DYNAMIC_NO_PIC = NO;
				GCC_NO_COMMON_BLOCKS = YES;
				GCC_OPTIMIZATION_LEVEL = 0;
				GCC_PREPROCESSOR_DEFINITIONS = (
					"DEBUG=1",
					"$(inherited)",
				);
				GCC_WARN_64_TO_32_BIT_CONVERSION = YES;
				GCC_WARN_ABOUT_RETURN_TYPE = YES_ERROR;
				GCC_WARN_UNDECLARED_SELECTOR = YES;
				GCC_WARN_UNINITIALIZED_AUTOS = YES_AGGRESSIVE;
				GCC_WARN_UNUSED_FUNCTION = YES;
				GCC_WARN_UNUSED_VARIABLE = YES;
				MACOSX_DEPLOYMENT_TARGET = 11.1;
				MTL_ENABLE_DEBUG_INFO = INCLUDE_SOURCE;
				MTL_FAST_MATH = YES;
				ONLY_ACTIVE_ARCH = YES;
				SDKROOT = macosx;
				SWIFT_ACTIVE_COMPILATION_CONDITIONS = DEBUG;
				SWIFT_OPTIMIZATION_LEVEL = "-Onone";
			};
			name = Debug;
		};
		1E8E0ADD273E5A8100EEC8EE /* Release */ = {
			isa = XCBuildConfiguration;
			buildSettings = {
				ALWAYS_SEARCH_USER_PATHS = NO;
				CLANG_ANALYZER_NONNULL = YES;
				CLANG_ANALYZER_NUMBER_OBJECT_CONVERSION = YES_AGGRESSIVE;
				CLANG_CXX_LANGUAGE_STANDARD = "gnu++14";
				CLANG_CXX_LIBRARY = "libc++";
				CLANG_ENABLE_MODULES = YES;
				CLANG_ENABLE_OBJC_ARC = YES;
				CLANG_ENABLE_OBJC_WEAK = YES;
				CLANG_WARN_BLOCK_CAPTURE_AUTORELEASING = YES;
				CLANG_WARN_BOOL_CONVERSION = YES;
				CLANG_WARN_COMMA = YES;
				CLANG_WARN_CONSTANT_CONVERSION = YES;
				CLANG_WARN_DEPRECATED_OBJC_IMPLEMENTATIONS = YES;
				CLANG_WARN_DIRECT_OBJC_ISA_USAGE = YES_ERROR;
				CLANG_WARN_DOCUMENTATION_COMMENTS = YES;
				CLANG_WARN_EMPTY_BODY = YES;
				CLANG_WARN_ENUM_CONVERSION = YES;
				CLANG_WARN_INFINITE_RECURSION = YES;
				CLANG_WARN_INT_CONVERSION = YES;
				CLANG_WARN_NON_LITERAL_NULL_CONVERSION = YES;
				CLANG_WARN_OBJC_IMPLICIT_RETAIN_SELF = YES;
				CLANG_WARN_OBJC_LITERAL_CONVERSION = YES;
				CLANG_WARN_OBJC_ROOT_CLASS = YES_ERROR;
				CLANG_WARN_QUOTED_INCLUDE_IN_FRAMEWORK_HEADER = YES;
				CLANG_WARN_RANGE_LOOP_ANALYSIS = YES;
				CLANG_WARN_STRICT_PROTOTYPES = YES;
				CLANG_WARN_SUSPICIOUS_MOVE = YES;
				CLANG_WARN_UNGUARDED_AVAILABILITY = YES_AGGRESSIVE;
				CLANG_WARN_UNREACHABLE_CODE = YES;
				CLANG_WARN__DUPLICATE_METHOD_MATCH = YES;
				COPY_PHASE_STRIP = NO;
				DEBUG_INFORMATION_FORMAT = "dwarf-with-dsym";
				ENABLE_NS_ASSERTIONS = NO;
				ENABLE_STRICT_OBJC_MSGSEND = YES;
				GCC_C_LANGUAGE_STANDARD = gnu11;
				GCC_NO_COMMON_BLOCKS = YES;
				GCC_WARN_64_TO_32_BIT_CONVERSION = YES;
				GCC_WARN_ABOUT_RETURN_TYPE = YES_ERROR;
				GCC_WARN_UNDECLARED_SELECTOR = YES;
				GCC_WARN_UNINITIALIZED_AUTOS = YES_AGGRESSIVE;
				GCC_WARN_UNUSED_FUNCTION = YES;
				GCC_WARN_UNUSED_VARIABLE = YES;
				MACOSX_DEPLOYMENT_TARGET = 11.1;
				MTL_ENABLE_DEBUG_INFO = NO;
				MTL_FAST_MATH = YES;
				SDKROOT = macosx;
				SWIFT_COMPILATION_MODE = wholemodule;
				SWIFT_OPTIMIZATION_LEVEL = "-O";
			};
			name = Release;
		};
		1E8E0ADF273E5A8100EEC8EE /* Debug */ = {
			isa = XCBuildConfiguration;
			buildSettings = {
				CODE_SIGN_STYLE = Automatic;
				PRODUCT_NAME = "$(TARGET_NAME)";
				SWIFT_VERSION = 5.0;
			};
			name = Debug;
		};
		1E8E0AE0273E5A8100EEC8EE /* Release */ = {
			isa = XCBuildConfiguration;
			buildSettings = {
				CODE_SIGN_STYLE = Automatic;
				PRODUCT_NAME = "$(TARGET_NAME)";
				SWIFT_VERSION = 5.0;
			};
			name = Release;
		};
/* End XCBuildConfiguration section */

/* Begin XCConfigurationList section */
		1E8E0AD2273E5A8100EEC8EE /* Build configuration list for PBXProject "Friday-algorithm-Week2" */ = {
			isa = XCConfigurationList;
			buildConfigurations = (
				1E8E0ADC273E5A8100EEC8EE /* Debug */,
				1E8E0ADD273E5A8100EEC8EE /* Release */,
			);
			defaultConfigurationIsVisible = 0;
			defaultConfigurationName = Release;
		};
		1E8E0ADE273E5A8100EEC8EE /* Build configuration list for PBXNativeTarget "Friday-algorithm-Week2" */ = {
			isa = XCConfigurationList;
			buildConfigurations = (
				1E8E0ADF273E5A8100EEC8EE /* Debug */,
				1E8E0AE0273E5A8100EEC8EE /* Release */,
			);
			defaultConfigurationIsVisible = 0;
			defaultConfigurationName = Release;
		};
/* End XCConfigurationList section */
	};
	rootObject = 1E8E0ACF273E5A8100EEC8EE /* Project object */;
}
